
Microsoft Visual Studio Solution File, Format Version 12.00
# Visual Studio Version 17
VisualStudioVersion = 17.1.32319.34
MinimumVisualStudioVersion = 10.0.40219.1
Project("{9A19103F-16F7-4668-BE54-9A1E7A4F7556}") = "NeuralNetworks", "NeuralNetworks\NeuralNetworks.csproj", "{7FA91FB6-27C0-47E8-A6A2-460D9A777732}"
EndProject
Project("{FAE04EC0-301F-11D3-BF4B-00C04F79EFBC}") = "NeuralNetworksTests", "NeuralNetworksTests\NeuralNetworksTests.csproj", "{A29E906A-0ED7-489E-8448-AC8757845B60}"
EndProject
Global
	GlobalSection(SolutionConfigurationPlatforms) = preSolution
		Debug|Any CPU = Debug|Any CPU
		Release|Any CPU = Release|Any CPU
	EndGlobalSection
	GlobalSection(ProjectConfigurationPlatforms) = postSolution
		{7FA91FB6-27C0-47E8-A6A2-460D9A777732}.Debug|Any CPU.ActiveCfg = Debug|Any CPU
		{7FA91FB6-27C0-47E8-A6A2-460D9A777732}.Debug|Any CPU.Build.0 = Debug|Any CPU
		{7FA91FB6-27C0-47E8-A6A2-460D9A777732}.Release|Any CPU.ActiveCfg = Release|Any CPU
		{7FA91FB6-27C0-47E8-A6A2-460D9A777732}.Release|Any CPU.Build.0 = Release|Any CPU
		{A29E906A-0ED7-489E-8448-AC8757845B60}.Debug|Any CPU.ActiveCfg = Debug|Any CPU
		{A29E906A-0ED7-489E-8448-AC8757845B60}.Debug|Any CPU.Build.0 = Debug|Any CPU
		{A29E906A-0ED7-489E-8448-AC8757845B60}.Release|Any CPU.ActiveCfg = Release|Any CPU
		{A29E906A-0ED7-489E-8448-AC8757845B60}.Release|Any CPU.Build.0 = Release|Any CPU
	EndGlobalSection
	GlobalSection(SolutionProperties) = preSolution
		HideSolutionNode = FALSE
	EndGlobalSection
	GlobalSection(ExtensibilityGlobals) = postSolution
		SolutionGuid = {11F2378F-56FA-4168-B8F4-E6D68C96C5B6}
	EndGlobalSection
EndGlobal
